
Microsoft Visual Studio Solution File, Format Version 12.00
# Visual Studio 15
VisualStudioVersion = 15.0.26403.7
MinimumVisualStudioVersion = 10.0.40219.1
Project("{FAE04EC0-301F-11D3-BF4B-00C04F79EFBC}") = "proyecto2evaluacion", "proyecto2evaluacion\proyecto2evaluacion.csproj", "{03BBD2BA-3836-4EFF-96AD-40F1821E28AD}"
EndProject
Project("{7CF6DF6D-3B04-46F8-A40B-537D21BCA0B4}") = "docu proyecto", "Documentation1\docu proyecto.shfbproj", "{72C5EA6A-AB83-47EC-9978-1F57DBA45B24}"
EndProject
Project("{FAE04EC0-301F-11D3-BF4B-00C04F79EFBC}") = "pruebaUnitariaProyecto3Eva", "pruebaUnitariaProyecto3Eva\pruebaUnitariaProyecto3Eva.csproj", "{47512267-7395-4420-BAAF-C61CEAE3EBB0}"
	ProjectSection(ProjectDependencies) = postProject
		{03BBD2BA-3836-4EFF-96AD-40F1821E28AD} = {03BBD2BA-3836-4EFF-96AD-40F1821E28AD}
	EndProjectSection
EndProject
Global
	GlobalSection(SolutionConfigurationPlatforms) = preSolution
		Debug|Any CPU = Debug|Any CPU
		Release|Any CPU = Release|Any CPU
	EndGlobalSection
	GlobalSection(ProjectConfigurationPlatforms) = postSolution
		{03BBD2BA-3836-4EFF-96AD-40F1821E28AD}.Debug|Any CPU.ActiveCfg = Debug|Any CPU
		{03BBD2BA-3836-4EFF-96AD-40F1821E28AD}.Debug|Any CPU.Build.0 = Debug|Any CPU
		{03BBD2BA-3836-4EFF-96AD-40F1821E28AD}.Release|Any CPU.ActiveCfg = Release|Any CPU
		{03BBD2BA-3836-4EFF-96AD-40F1821E28AD}.Release|Any CPU.Build.0 = Release|Any CPU
		{72C5EA6A-AB83-47EC-9978-1F57DBA45B24}.Debug|Any CPU.ActiveCfg = Debug|Any CPU
		{72C5EA6A-AB83-47EC-9978-1F57DBA45B24}.Debug|Any CPU.Build.0 = Debug|Any CPU
		{72C5EA6A-AB83-47EC-9978-1F57DBA45B24}.Release|Any CPU.ActiveCfg = Release|Any CPU
		{72C5EA6A-AB83-47EC-9978-1F57DBA45B24}.Release|Any CPU.Build.0 = Release|Any CPU
		{47512267-7395-4420-BAAF-C61CEAE3EBB0}.Debug|Any CPU.ActiveCfg = Debug|Any CPU
		{47512267-7395-4420-BAAF-C61CEAE3EBB0}.Debug|Any CPU.Build.0 = Debug|Any CPU
		{47512267-7395-4420-BAAF-C61CEAE3EBB0}.Release|Any CPU.ActiveCfg = Release|Any CPU
		{47512267-7395-4420-BAAF-C61CEAE3EBB0}.Release|Any CPU.Build.0 = Release|Any CPU
	EndGlobalSection
	GlobalSection(SolutionProperties) = preSolution
		HideSolutionNode = FALSE
	EndGlobalSection
EndGlobal
